// !$*UTF8*$!
{
	archiveVersion = 1;
	classes = {
	};
	objectVersion = 48;
	objects = {

/* Begin PBXBuildFile section */
		2226A2171FF39FB5004C1847 /* CafeStoreResult.swift in Sources */ = {isa = PBXBuildFile; fileRef = 2226A2161FF39FB5004C1847 /* CafeStoreResult.swift */; };
		226B065F1FE7B139008E6D1E /* common.swift in Sources */ = {isa = PBXBuildFile; fileRef = 226B065E1FE7B139008E6D1E /* common.swift */; };
		22A8DA821FAEF54B00EDDB9A /* AppDelegate.swift in Sources */ = {isa = PBXBuildFile; fileRef = 22A8DA811FAEF54B00EDDB9A /* AppDelegate.swift */; };
		22A8DA841FAEF54B00EDDB9A /* FirstViewController.swift in Sources */ = {isa = PBXBuildFile; fileRef = 22A8DA831FAEF54B00EDDB9A /* FirstViewController.swift */; };
		22A8DA861FAEF54B00EDDB9A /* MenuViewController.swift in Sources */ = {isa = PBXBuildFile; fileRef = 22A8DA851FAEF54B00EDDB9A /* MenuViewController.swift */; };
		22A8DA891FAEF54B00EDDB9A /* Main.storyboard in Resources */ = {isa = PBXBuildFile; fileRef = 22A8DA871FAEF54B00EDDB9A /* Main.storyboard */; };
		22A8DA8B1FAEF54B00EDDB9A /* Assets.xcassets in Resources */ = {isa = PBXBuildFile; fileRef = 22A8DA8A1FAEF54B00EDDB9A /* Assets.xcassets */; };
		22A8DA8E1FAEF54B00EDDB9A /* LaunchScreen.storyboard in Resources */ = {isa = PBXBuildFile; fileRef = 22A8DA8C1FAEF54B00EDDB9A /* LaunchScreen.storyboard */; };
		22A8DA991FAEF54B00EDDB9A /* CafeFundoTests.swift in Sources */ = {isa = PBXBuildFile; fileRef = 22A8DA981FAEF54B00EDDB9A /* CafeFundoTests.swift */; };
		22A8DAA41FAEF54B00EDDB9A /* CafeFundoUITests.swift in Sources */ = {isa = PBXBuildFile; fileRef = 22A8DAA31FAEF54B00EDDB9A /* CafeFundoUITests.swift */; };
		22D6DDB31FD3ED1B00E2FC19 /* PlaceViewController.swift in Sources */ = {isa = PBXBuildFile; fileRef = 22D6DDB21FD3ED1B00E2FC19 /* PlaceViewController.swift */; };
		22EF2E261FF4EFC900BD0452 /* JsonData.swift in Sources */ = {isa = PBXBuildFile; fileRef = 22EF2E251FF4EFC900BD0452 /* JsonData.swift */; };
/* End PBXBuildFile section */

/* Begin PBXContainerItemProxy section */
		22A8DA951FAEF54B00EDDB9A /* PBXContainerItemProxy */ = {
			isa = PBXContainerItemProxy;
			containerPortal = 22A8DA761FAEF54B00EDDB9A /* Project object */;
			proxyType = 1;
			remoteGlobalIDString = 22A8DA7D1FAEF54B00EDDB9A;
			remoteInfo = CafeFundo;
		};
		22A8DAA01FAEF54B00EDDB9A /* PBXContainerItemProxy */ = {
			isa = PBXContainerItemProxy;
			containerPortal = 22A8DA761FAEF54B00EDDB9A /* Project object */;
			proxyType = 1;
			remoteGlobalIDString = 22A8DA7D1FAEF54B00EDDB9A;
			remoteInfo = CafeFundo;
		};
/* End PBXContainerItemProxy section */

/* Begin PBXFileReference section */
		2219F6F2200465BB0025D8B4 /* TestLocation2.gpx */ = {isa = PBXFileReference; lastKnownFileType = text.xml; path = TestLocation2.gpx; sourceTree = "<group>"; };
		2226A1F81FF8BF370055F668 /* TestLocation.gpx */ = {isa = PBXFileReference; lastKnownFileType = text.xml; path = TestLocation.gpx; sourceTree = "<group>"; };
		2226A2161FF39FB5004C1847 /* CafeStoreResult.swift */ = {isa = PBXFileReference; lastKnownFileType = sourcecode.swift; path = CafeStoreResult.swift; sourceTree = "<group>"; };
		226B065E1FE7B139008E6D1E /* common.swift */ = {isa = PBXFileReference; lastKnownFileType = sourcecode.swift; path = common.swift; sourceTree = "<group>"; };
		22A8DA7E1FAEF54B00EDDB9A /* CafeFundo.app */ = {isa = PBXFileReference; explicitFileType = wrapper.application; includeInIndex = 0; path = CafeFundo.app; sourceTree = BUILT_PRODUCTS_DIR; };
		22A8DA811FAEF54B00EDDB9A /* AppDelegate.swift */ = {isa = PBXFileReference; lastKnownFileType = sourcecode.swift; path = AppDelegate.swift; sourceTree = "<group>"; };
		22A8DA831FAEF54B00EDDB9A /* FirstViewController.swift */ = {isa = PBXFileReference; lastKnownFileType = sourcecode.swift; path = FirstViewController.swift; sourceTree = "<group>"; };
		22A8DA851FAEF54B00EDDB9A /* MenuViewController.swift */ = {isa = PBXFileReference; lastKnownFileType = sourcecode.swift; path = MenuViewController.swift; sourceTree = "<group>"; };
		22A8DA881FAEF54B00EDDB9A /* Base */ = {isa = PBXFileReference; lastKnownFileType = file.storyboard; name = Base; path = Base.lproj/Main.storyboard; sourceTree = "<group>"; };
		22A8DA8A1FAEF54B00EDDB9A /* Assets.xcassets */ = {isa = PBXFileReference; lastKnownFileType = folder.assetcatalog; path = Assets.xcassets; sourceTree = "<group>"; };
		22A8DA8D1FAEF54B00EDDB9A /* Base */ = {isa = PBXFileReference; lastKnownFileType = file.storyboard; name = Base; path = Base.lproj/LaunchScreen.storyboard; sourceTree = "<group>"; };
		22A8DA8F1FAEF54B00EDDB9A /* Info.plist */ = {isa = PBXFileReference; lastKnownFileType = text.plist.xml; path = Info.plist; sourceTree = "<group>"; };
		22A8DA941FAEF54B00EDDB9A /* CafeFundoTests.xctest */ = {isa = PBXFileReference; explicitFileType = wrapper.cfbundle; includeInIndex = 0; path = CafeFundoTests.xctest; sourceTree = BUILT_PRODUCTS_DIR; };
		22A8DA981FAEF54B00EDDB9A /* CafeFundoTests.swift */ = {isa = PBXFileReference; lastKnownFileType = sourcecode.swift; path = CafeFundoTests.swift; sourceTree = "<group>"; };
		22A8DA9A1FAEF54B00EDDB9A /* Info.plist */ = {isa = PBXFileReference; lastKnownFileType = text.plist.xml; path = Info.plist; sourceTree = "<group>"; };
		22A8DA9F1FAEF54B00EDDB9A /* CafeFundoUITests.xctest */ = {isa = PBXFileReference; explicitFileType = wrapper.cfbundle; includeInIndex = 0; path = CafeFundoUITests.xctest; sourceTree = BUILT_PRODUCTS_DIR; };
		22A8DAA31FAEF54B00EDDB9A /* CafeFundoUITests.swift */ = {isa = PBXFileReference; lastKnownFileType = sourcecode.swift; path = CafeFundoUITests.swift; sourceTree = "<group>"; };
		22A8DAA51FAEF54B00EDDB9A /* Info.plist */ = {isa = PBXFileReference; lastKnownFileType = text.plist.xml; path = Info.plist; sourceTree = "<group>"; };
		22D6DDB21FD3ED1B00E2FC19 /* PlaceViewController.swift */ = {isa = PBXFileReference; fileEncoding = 4; lastKnownFileType = sourcecode.swift; path = PlaceViewController.swift; sourceTree = "<group>"; };
		22EF2E251FF4EFC900BD0452 /* JsonData.swift */ = {isa = PBXFileReference; lastKnownFileType = sourcecode.swift; path = JsonData.swift; sourceTree = "<group>"; };
/* End PBXFileReference section */

/* Begin PBXFrameworksBuildPhase section */
		22A8DA7B1FAEF54B00EDDB9A /* Frameworks */ = {
			isa = PBXFrameworksBuildPhase;
			buildActionMask = 2147483647;
			files = (
			);
			runOnlyForDeploymentPostprocessing = 0;
		};
		22A8DA911FAEF54B00EDDB9A /* Frameworks */ = {
			isa = PBXFrameworksBuildPhase;
			buildActionMask = 2147483647;
			files = (
			);
			runOnlyForDeploymentPostprocessing = 0;
		};
		22A8DA9C1FAEF54B00EDDB9A /* Frameworks */ = {
			isa = PBXFrameworksBuildPhase;
			buildActionMask = 2147483647;
			files = (
			);
			runOnlyForDeploymentPostprocessing = 0;
		};
/* End PBXFrameworksBuildPhase section */

/* Begin PBXGroup section */
		2228A54C1FDE242200BB003C /* Utility */ = {
			isa = PBXGroup;
			children = (
				226B065E1FE7B139008E6D1E /* common.swift */,
			);
			path = Utility;
			sourceTree = "<group>";
		};
		228C7FEF1FAF02890093DF5E /* Place */ = {
			isa = PBXGroup;
			children = (
				22D6DDB21FD3ED1B00E2FC19 /* PlaceViewController.swift */,
			);
			path = Place;
			sourceTree = "<group>";
		};
		22A71EFA1FC17B55009ED5AC /* Menu */ = {
			isa = PBXGroup;
			children = (
				22A8DA851FAEF54B00EDDB9A /* MenuViewController.swift */,
			);
			path = Menu;
			sourceTree = "<group>";
		};
		22A8DA751FAEF54B00EDDB9A = {
			isa = PBXGroup;
			children = (
				22A8DA801FAEF54B00EDDB9A /* CafeFundo */,
				22A8DA971FAEF54B00EDDB9A /* CafeFundoTests */,
				22A8DAA21FAEF54B00EDDB9A /* CafeFundoUITests */,
				22A8DA7F1FAEF54B00EDDB9A /* Products */,
			);
			sourceTree = "<group>";
		};
		22A8DA7F1FAEF54B00EDDB9A /* Products */ = {
			isa = PBXGroup;
			children = (
				22A8DA7E1FAEF54B00EDDB9A /* CafeFundo.app */,
				22A8DA941FAEF54B00EDDB9A /* CafeFundoTests.xctest */,
				22A8DA9F1FAEF54B00EDDB9A /* CafeFundoUITests.xctest */,
			);
			name = Products;
			sourceTree = "<group>";
		};
		22A8DA801FAEF54B00EDDB9A /* CafeFundo */ = {
			isa = PBXGroup;
			children = (
				22CC9D621FEA5B46002D383A /* Model */,
				2228A54C1FDE242200BB003C /* Utility */,
				22A71EFA1FC17B55009ED5AC /* Menu */,
				228C7FEF1FAF02890093DF5E /* Place */,
				22A8DA811FAEF54B00EDDB9A /* AppDelegate.swift */,
				22A8DA831FAEF54B00EDDB9A /* FirstViewController.swift */,
				22A8DA8C1FAEF54B00EDDB9A /* LaunchScreen.storyboard */,
				22A8DA871FAEF54B00EDDB9A /* Main.storyboard */,
				22A8DA8A1FAEF54B00EDDB9A /* Assets.xcassets */,
				22A8DA8F1FAEF54B00EDDB9A /* Info.plist */,
			);
			path = CafeFundo;
			sourceTree = "<group>";
		};
		22A8DA971FAEF54B00EDDB9A /* CafeFundoTests */ = {
			isa = PBXGroup;
			children = (
				22A8DA981FAEF54B00EDDB9A /* CafeFundoTests.swift */,
				22A8DA9A1FAEF54B00EDDB9A /* Info.plist */,
			);
			path = CafeFundoTests;
			sourceTree = "<group>";
		};
		22A8DAA21FAEF54B00EDDB9A /* CafeFundoUITests */ = {
			isa = PBXGroup;
			children = (
				22A8DAA31FAEF54B00EDDB9A /* CafeFundoUITests.swift */,
				22A8DAA51FAEF54B00EDDB9A /* Info.plist */,
			);
			path = CafeFundoUITests;
			sourceTree = "<group>";
		};
		22CC9D621FEA5B46002D383A /* Model */ = {
			isa = PBXGroup;
			children = (
				2226A2161FF39FB5004C1847 /* CafeStoreResult.swift */,
				22EF2E251FF4EFC900BD0452 /* JsonData.swift */,
				2226A1F81FF8BF370055F668 /* TestLocation.gpx */,
				2219F6F2200465BB0025D8B4 /* TestLocation2.gpx */,
			);
			path = Model;
			sourceTree = "<group>";
		};
/* End PBXGroup section */

/* Begin PBXNativeTarget section */
		22A8DA7D1FAEF54B00EDDB9A /* CafeFundo */ = {
			isa = PBXNativeTarget;
			buildConfigurationList = 22A8DAA81FAEF54B00EDDB9A /* Build configuration list for PBXNativeTarget "CafeFundo" */;
			buildPhases = (
				22A8DA7A1FAEF54B00EDDB9A /* Sources */,
				22A8DA7B1FAEF54B00EDDB9A /* Frameworks */,
				22A8DA7C1FAEF54B00EDDB9A /* Resources */,
			);
			buildRules = (
			);
			dependencies = (
			);
			name = CafeFundo;
			productName = CafeFundo;
			productReference = 22A8DA7E1FAEF54B00EDDB9A /* CafeFundo.app */;
			productType = "com.apple.product-type.application";
		};
		22A8DA931FAEF54B00EDDB9A /* CafeFundoTests */ = {
			isa = PBXNativeTarget;
			buildConfigurationList = 22A8DAAB1FAEF54B00EDDB9A /* Build configuration list for PBXNativeTarget "CafeFundoTests" */;
			buildPhases = (
				22A8DA901FAEF54B00EDDB9A /* Sources */,
				22A8DA911FAEF54B00EDDB9A /* Frameworks */,
				22A8DA921FAEF54B00EDDB9A /* Resources */,
			);
			buildRules = (
			);
			dependencies = (
				22A8DA961FAEF54B00EDDB9A /* PBXTargetDependency */,
			);
			name = CafeFundoTests;
			productName = CafeFundoTests;
			productReference = 22A8DA941FAEF54B00EDDB9A /* CafeFundoTests.xctest */;
			productType = "com.apple.product-type.bundle.unit-test";
		};
		22A8DA9E1FAEF54B00EDDB9A /* CafeFundoUITests */ = {
			isa = PBXNativeTarget;
			buildConfigurationList = 22A8DAAE1FAEF54B00EDDB9A /* Build configuration list for PBXNativeTarget "CafeFundoUITests" */;
			buildPhases = (
				22A8DA9B1FAEF54B00EDDB9A /* Sources */,
				22A8DA9C1FAEF54B00EDDB9A /* Frameworks */,
				22A8DA9D1FAEF54B00EDDB9A /* Resources */,
			);
			buildRules = (
			);
			dependencies = (
				22A8DAA11FAEF54B00EDDB9A /* PBXTargetDependency */,
			);
			name = CafeFundoUITests;
			productName = CafeFundoUITests;
			productReference = 22A8DA9F1FAEF54B00EDDB9A /* CafeFundoUITests.xctest */;
			productType = "com.apple.product-type.bundle.ui-testing";
		};
/* End PBXNativeTarget section */

/* Begin PBXProject section */
		22A8DA761FAEF54B00EDDB9A /* Project object */ = {
			isa = PBXProject;
			attributes = {
				LastSwiftUpdateCheck = 0910;
				LastUpgradeCheck = 0910;
				ORGANIZATIONNAME = LackaryApp;
				TargetAttributes = {
					22A8DA7D1FAEF54B00EDDB9A = {
						CreatedOnToolsVersion = 9.1;
						ProvisioningStyle = Automatic;
					};
					22A8DA931FAEF54B00EDDB9A = {
						CreatedOnToolsVersion = 9.1;
						ProvisioningStyle = Automatic;
						TestTargetID = 22A8DA7D1FAEF54B00EDDB9A;
					};
					22A8DA9E1FAEF54B00EDDB9A = {
						CreatedOnToolsVersion = 9.1;
						ProvisioningStyle = Automatic;
						TestTargetID = 22A8DA7D1FAEF54B00EDDB9A;
					};
				};
			};
			buildConfigurationList = 22A8DA791FAEF54B00EDDB9A /* Build configuration list for PBXProject "CafeFundo" */;
			compatibilityVersion = "Xcode 8.0";
			developmentRegion = en;
			hasScannedForEncodings = 0;
			knownRegions = (
				en,
				Base,
			);
			mainGroup = 22A8DA751FAEF54B00EDDB9A;
			productRefGroup = 22A8DA7F1FAEF54B00EDDB9A /* Products */;
			projectDirPath = "";
			projectRoot = "";
			targets = (
				22A8DA7D1FAEF54B00EDDB9A /* CafeFundo */,
				22A8DA931FAEF54B00EDDB9A /* CafeFundoTests */,
				22A8DA9E1FAEF54B00EDDB9A /* CafeFundoUITests */,
			);
		};
/* End PBXProject section */

/* Begin PBXResourcesBuildPhase section */
		22A8DA7C1FAEF54B00EDDB9A /* Resources */ = {
			isa = PBXResourcesBuildPhase;
			buildActionMask = 2147483647;
			files = (
				22A8DA8E1FAEF54B00EDDB9A /* LaunchScreen.storyboard in Resources */,
				22A8DA8B1FAEF54B00EDDB9A /* Assets.xcassets in Resources */,
				22A8DA891FAEF54B00EDDB9A /* Main.storyboard in Resources */,
			);
			runOnlyForDeploymentPostprocessing = 0;
		};
		22A8DA921FAEF54B00EDDB9A /* Resources */ = {
			isa = PBXResourcesBuildPhase;
			buildActionMask = 2147483647;
			files = (
			);
			runOnlyForDeploymentPostprocessing = 0;
		};
		22A8DA9D1FAEF54B00EDDB9A /* Resources */ = {
			isa = PBXResourcesBuildPhase;
			buildActionMask = 2147483647;
			files = (
			);
			runOnlyForDeploymentPostprocessing = 0;
		};
/* End PBXResourcesBuildPhase section */

/* Begin PBXSourcesBuildPhase section */
		22A8DA7A1FAEF54B00EDDB9A /* Sources */ = {
			isa = PBXSourcesBuildPhase;
			buildActionMask = 2147483647;
			files = (
				2226A2171FF39FB5004C1847 /* CafeStoreResult.swift in Sources */,
				22EF2E261FF4EFC900BD0452 /* JsonData.swift in Sources */,
				22A8DA861FAEF54B00EDDB9A /* MenuViewController.swift in Sources */,
				22A8DA821FAEF54B00EDDB9A /* AppDelegate.swift in Sources */,
				22A8DA841FAEF54B00EDDB9A /* FirstViewController.swift in Sources */,
				22D6DDB31FD3ED1B00E2FC19 /* PlaceViewController.swift in Sources */,
				226B065F1FE7B139008E6D1E /* common.swift in Sources */,
			);
			runOnlyForDeploymentPostprocessing = 0;
		};
		22A8DA901FAEF54B00EDDB9A /* Sources */ = {
			isa = PBXSourcesBuildPhase;
			buildActionMask = 2147483647;
			files = (
				22A8DA991FAEF54B00EDDB9A /* CafeFundoTests.swift in Sources */,
			);
			runOnlyForDeploymentPostprocessing = 0;
		};
		22A8DA9B1FAEF54B00EDDB9A /* Sources */ = {
			isa = PBXSourcesBuildPhase;
			buildActionMask = 2147483647;
			files = (
				22A8DAA41FAEF54B00EDDB9A /* CafeFundoUITests.swift in Sources */,
			);
			runOnlyForDeploymentPostprocessing = 0;
		};
/* End PBXSourcesBuildPhase section */

/* Begin PBXTargetDependency section */
		22A8DA961FAEF54B00EDDB9A /* PBXTargetDependency */ = {
			isa = PBXTargetDependency;
			target = 22A8DA7D1FAEF54B00EDDB9A /* CafeFundo */;
			targetProxy = 22A8DA951FAEF54B00EDDB9A /* PBXContainerItemProxy */;
		};
		22A8DAA11FAEF54B00EDDB9A /* PBXTargetDependency */ = {
			isa = PBXTargetDependency;
			target = 22A8DA7D1FAEF54B00EDDB9A /* CafeFundo */;
			targetProxy = 22A8DAA01FAEF54B00EDDB9A /* PBXContainerItemProxy */;
		};
/* End PBXTargetDependency section */

/* Begin PBXVariantGroup section */
		22A8DA871FAEF54B00EDDB9A /* Main.storyboard */ = {
			isa = PBXVariantGroup;
			children = (
				22A8DA881FAEF54B00EDDB9A /* Base */,
			);
			name = Main.storyboard;
			sourceTree = "<group>";
		};
		22A8DA8C1FAEF54B00EDDB9A /* LaunchScreen.storyboard */ = {
			isa = PBXVariantGroup;
			children = (
				22A8DA8D1FAEF54B00EDDB9A /* Base */,
			);
			name = LaunchScreen.storyboard;
			sourceTree = "<group>";
		};
/* End PBXVariantGroup section */

/* Begin XCBuildConfiguration section */
		22A8DAA61FAEF54B00EDDB9A /* Debug */ = {
			isa = XCBuildConfiguration;
			buildSettings = {
				ALWAYS_SEARCH_USER_PATHS = NO;
				CLANG_ANALYZER_NONNULL = YES;
				CLANG_ANALYZER_NUMBER_OBJECT_CONVERSION = YES_AGGRESSIVE;
				CLANG_CXX_LANGUAGE_STANDARD = "gnu++14";
				CLANG_CXX_LIBRARY = "libc++";
				CLANG_ENABLE_MODULES = YES;
				CLANG_ENABLE_OBJC_ARC = YES;
				CLANG_WARN_BLOCK_CAPTURE_AUTORELEASING = YES;
				CLANG_WARN_BOOL_CONVERSION = YES;
				CLANG_WARN_COMMA = YES;
				CLANG_WARN_CONSTANT_CONVERSION = YES;
				CLANG_WARN_DIRECT_OBJC_ISA_USAGE = YES_ERROR;
				CLANG_WARN_DOCUMENTATION_COMMENTS = YES;
				CLANG_WARN_EMPTY_BODY = YES;
				CLANG_WARN_ENUM_CONVERSION = YES;
				CLANG_WARN_INFINITE_RECURSION = YES;
				CLANG_WARN_INT_CONVERSION = YES;
				CLANG_WARN_NON_LITERAL_NULL_CONVERSION = YES;
				CLANG_WARN_OBJC_LITERAL_CONVERSION = YES;
				CLANG_WARN_OBJC_ROOT_CLASS = YES_ERROR;
				CLANG_WARN_RANGE_LOOP_ANALYSIS = YES;
				CLANG_WARN_STRICT_PROTOTYPES = YES;
				CLANG_WARN_SUSPICIOUS_MOVE = YES;
				CLANG_WARN_UNGUARDED_AVAILABILITY = YES_AGGRESSIVE;
				CLANG_WARN_UNREACHABLE_CODE = YES;
				CLANG_WARN__DUPLICATE_METHOD_MATCH = YES;
				CODE_SIGN_IDENTITY = "iPhone Developer";
				COPY_PHASE_STRIP = NO;
				DEBUG_INFORMATION_FORMAT = dwarf;
				ENABLE_STRICT_OBJC_MSGSEND = YES;
				ENABLE_TESTABILITY = YES;
				GCC_C_LANGUAGE_STANDARD = gnu11;
				GCC_DYNAMIC_NO_PIC = NO;
				GCC_NO_COMMON_BLOCKS = YES;
				GCC_OPTIMIZATION_LEVEL = 0;
				GCC_PREPROCESSOR_DEFINITIONS = (
					"DEBUG=1",
					"$(inherited)",
				);
				GCC_WARN_64_TO_32_BIT_CONVERSION = YES;
				GCC_WARN_ABOUT_RETURN_TYPE = YES_ERROR;
				GCC_WARN_UNDECLARED_SELECTOR = YES;
				GCC_WARN_UNINITIALIZED_AUTOS = YES_AGGRESSIVE;
				GCC_WARN_UNUSED_FUNCTION = YES;
				GCC_WARN_UNUSED_VARIABLE = YES;
				IPHONEOS_DEPLOYMENT_TARGET = 11.1;
				MTL_ENABLE_DEBUG_INFO = YES;
				ONLY_ACTIVE_ARCH = YES;
				SDKROOT = iphoneos;
				SWIFT_ACTIVE_COMPILATION_CONDITIONS = DEBUG;
				SWIFT_OPTIMIZATION_LEVEL = "-Onone";
			};
			name = Debug;
		};
		22A8DAA71FAEF54B00EDDB9A /* Release */ = {
			isa = XCBuildConfiguration;
			buildSettings = {
				ALWAYS_SEARCH_USER_PATHS = NO;
				CLANG_ANALYZER_NONNULL = YES;
				CLANG_ANALYZER_NUMBER_OBJECT_CONVERSION = YES_AGGRESSIVE;
				CLANG_CXX_LANGUAGE_STANDARD = "gnu++14";
				CLANG_CXX_LIBRARY = "libc++";
				CLANG_ENABLE_MODULES = YES;
				CLANG_ENABLE_OBJC_ARC = YES;
				CLANG_WARN_BLOCK_CAPTURE_AUTORELEASING = YES;
				CLANG_WARN_BOOL_CONVERSION = YES;
				CLANG_WARN_COMMA = YES;
				CLANG_WARN_CONSTANT_CONVERSION = YES;
				CLANG_WARN_DIRECT_OBJC_ISA_USAGE = YES_ERROR;
				CLANG_WARN_DOCUMENTATION_COMMENTS = YES;
				CLANG_WARN_EMPTY_BODY = YES;
				CLANG_WARN_ENUM_CONVERSION = YES;
				CLANG_WARN_INFINITE_RECURSION = YES;
				CLANG_WARN_INT_CONVERSION = YES;
				CLANG_WARN_NON_LITERAL_NULL_CONVERSION = YES;
				CLANG_WARN_OBJC_LITERAL_CONVERSION = YES;
				CLANG_WARN_OBJC_ROOT_CLASS = YES_ERROR;
				CLANG_WARN_RANGE_LOOP_ANALYSIS = YES;
				CLANG_WARN_STRICT_PROTOTYPES = YES;
				CLANG_WARN_SUSPICIOUS_MOVE = YES;
				CLANG_WARN_UNGUARDED_AVAILABILITY = YES_AGGRESSIVE;
				CLANG_WARN_UNREACHABLE_CODE = YES;
				CLANG_WARN__DUPLICATE_METHOD_MATCH = YES;
				CODE_SIGN_IDENTITY = "iPhone Developer";
				COPY_PHASE_STRIP = NO;
				DEBUG_INFORMATION_FORMAT = "dwarf-with-dsym";
				ENABLE_NS_ASSERTIONS = NO;
				ENABLE_STRICT_OBJC_MSGSEND = YES;
				GCC_C_LANGUAGE_STANDARD = gnu11;
				GCC_NO_COMMON_BLOCKS = YES;
				GCC_WARN_64_TO_32_BIT_CONVERSION = YES;
				GCC_WARN_ABOUT_RETURN_TYPE = YES_ERROR;
				GCC_WARN_UNDECLARED_SELECTOR = YES;
				GCC_WARN_UNINITIALIZED_AUTOS = YES_AGGRESSIVE;
				GCC_WARN_UNUSED_FUNCTION = YES;
				GCC_WARN_UNUSED_VARIABLE = YES;
				IPHONEOS_DEPLOYMENT_TARGET = 11.1;
				MTL_ENABLE_DEBUG_INFO = NO;
				SDKROOT = iphoneos;
				SWIFT_OPTIMIZATION_LEVEL = "-Owholemodule";
				VALIDATE_PRODUCT = YES;
			};
			name = Release;
		};
		22A8DAA91FAEF54B00EDDB9A /* Debug */ = {
			isa = XCBuildConfiguration;
			buildSettings = {
				ASSETCATALOG_COMPILER_APPICON_NAME = AppIcon;
				CODE_SIGN_STYLE = Automatic;
				DEVELOPMENT_TEAM = QTYRV4PH24;
				INFOPLIST_FILE = CafeFundo/Info.plist;
				IPHONEOS_DEPLOYMENT_TARGET = 11.1;
				LD_RUNPATH_SEARCH_PATHS = "$(inherited) @executable_path/Frameworks";
				PRODUCT_BUNDLE_IDENTIFIER = com.lackLab.app.CafeFundo;
				PRODUCT_NAME = "$(TARGET_NAME)";
				SWIFT_VERSION = 4.0;
				TARGETED_DEVICE_FAMILY = "1,2";
			};
			name = Debug;
		};
		22A8DAAA1FAEF54B00EDDB9A /* Release */ = {
			isa = XCBuildConfiguration;
			buildSettings = {
				ASSETCATALOG_COMPILER_APPICON_NAME = AppIcon;
				CODE_SIGN_STYLE = Automatic;
				DEVELOPMENT_TEAM = QTYRV4PH24;
				INFOPLIST_FILE = CafeFundo/Info.plist;
				IPHONEOS_DEPLOYMENT_TARGET = 11.1;
				LD_RUNPATH_SEARCH_PATHS = "$(inherited) @executable_path/Frameworks";
				PRODUCT_BUNDLE_IDENTIFIER = com.lackLab.app.CafeFundo;
				PRODUCT_NAME = "$(TARGET_NAME)";
				SWIFT_VERSION = 4.0;
				TARGETED_DEVICE_FAMILY = "1,2";
			};
			name = Release;
		};
		22A8DAAC1FAEF54B00EDDB9A /* Debug */ = {
			isa = XCBuildConfiguration;
			buildSettings = {
				ALWAYS_EMBED_SWIFT_STANDARD_LIBRARIES = YES;
				BUNDLE_LOADER = "$(TEST_HOST)";
				CODE_SIGN_STYLE = Automatic;
				DEVELOPMENT_TEAM = QTYRV4PH24;
				INFOPLIST_FILE = CafeFundoTests/Info.plist;
				LD_RUNPATH_SEARCH_PATHS = "$(inherited) @executable_path/Frameworks @loader_path/Frameworks";
				PRODUCT_BUNDLE_IDENTIFIER = com.lackary.app.CafeFundoTests;
				PRODUCT_NAME = "$(TARGET_NAME)";
				SWIFT_VERSION = 4.0;
				TARGETED_DEVICE_FAMILY = "1,2";
				TEST_HOST = "$(BUILT_PRODUCTS_DIR)/CafeFundo.app/CafeFundo";
			};
			name = Debug;
		};
		22A8DAAD1FAEF54B00EDDB9A /* Release */ = {
			isa = XCBuildConfiguration;
			buildSettings = {
				ALWAYS_EMBED_SWIFT_STANDARD_LIBRARIES = YES;
				BUNDLE_LOADER = "$(TEST_HOST)";
				CODE_SIGN_STYLE = Automatic;
				DEVELOPMENT_TEAM = QTYRV4PH24;
				INFOPLIST_FILE = CafeFundoTests/Info.plist;
				LD_RUNPATH_SEARCH_PATHS = "$(inherited) @executable_path/Frameworks @loader_path/Frameworks";
				PRODUCT_BUNDLE_IDENTIFIER = com.lackary.app.CafeFundoTests;
				PRODUCT_NAME = "$(TARGET_NAME)";
				SWIFT_VERSION = 4.0;
				TARGETED_DEVICE_FAMILY = "1,2";
				TEST_HOST = "$(BUILT_PRODUCTS_DIR)/CafeFundo.app/CafeFundo";
			};
			name = Release;
		};
		22A8DAAF1FAEF54B00EDDB9A /* Debug */ = {
			isa = XCBuildConfiguration;
			buildSettings = {
				ALWAYS_EMBED_SWIFT_STANDARD_LIBRARIES = YES;
				CODE_SIGN_STYLE = Automatic;
				DEVELOPMENT_TEAM = QTYRV4PH24;
				INFOPLIST_FILE = CafeFundoUITests/Info.plist;
				LD_RUNPATH_SEARCH_PATHS = "$(inherited) @executable_path/Frameworks @loader_path/Frameworks";
				PRODUCT_BUNDLE_IDENTIFIER = com.lackary.app.CafeFundoUITests;
				PRODUCT_NAME = "$(TARGET_NAME)";
				SWIFT_VERSION = 4.0;
				TARGETED_DEVICE_FAMILY = "1,2";
				TEST_TARGET_NAME = CafeFundo;
			};
			name = Debug;
		};
		22A8DAB01FAEF54B00EDDB9A /* Release */ = {
			isa = XCBuildConfiguration;
			buildSettings = {
				ALWAYS_EMBED_SWIFT_STANDARD_LIBRARIES = YES;
				CODE_SIGN_STYLE = Automatic;
				DEVELOPMENT_TEAM = QTYRV4PH24;
				INFOPLIST_FILE = CafeFundoUITests/Info.plist;
				LD_RUNPATH_SEARCH_PATHS = "$(inherited) @executable_path/Frameworks @loader_path/Frameworks";
				PRODUCT_BUNDLE_IDENTIFIER = com.lackary.app.CafeFundoUITests;
				PRODUCT_NAME = "$(TARGET_NAME)";
				SWIFT_VERSION = 4.0;
				TARGETED_DEVICE_FAMILY = "1,2";
				TEST_TARGET_NAME = CafeFundo;
			};
			name = Release;
		};
/* End XCBuildConfiguration section */

/* Begin XCConfigurationList section */
		22A8DA791FAEF54B00EDDB9A /* Build configuration list for PBXProject "CafeFundo" */ = {
			isa = XCConfigurationList;
			buildConfigurations = (
				22A8DAA61FAEF54B00EDDB9A /* Debug */,
				22A8DAA71FAEF54B00EDDB9A /* Release */,
			);
			defaultConfigurationIsVisible = 0;
			defaultConfigurationName = Release;
		};
		22A8DAA81FAEF54B00EDDB9A /* Build configuration list for PBXNativeTarget "CafeFundo" */ = {
			isa = XCConfigurationList;
			buildConfigurations = (
				22A8DAA91FAEF54B00EDDB9A /* Debug */,
				22A8DAAA1FAEF54B00EDDB9A /* Release */,
			);
			defaultConfigurationIsVisible = 0;
			defaultConfigurationName = Release;
		};
		22A8DAAB1FAEF54B00EDDB9A /* Build configuration list for PBXNativeTarget "CafeFundoTests" */ = {
			isa = XCConfigurationList;
			buildConfigurations = (
				22A8DAAC1FAEF54B00EDDB9A /* Debug */,
				22A8DAAD1FAEF54B00EDDB9A /* Release */,
			);
			defaultConfigurationIsVisible = 0;
			defaultConfigurationName = Release;
		};
		22A8DAAE1FAEF54B00EDDB9A /* Build configuration list for PBXNativeTarget "CafeFundoUITests" */ = {
			isa = XCConfigurationList;
			buildConfigurations = (
				22A8DAAF1FAEF54B00EDDB9A /* Debug */,
				22A8DAB01FAEF54B00EDDB9A /* Release */,
			);
			defaultConfigurationIsVisible = 0;
			defaultConfigurationName = Release;
		};
/* End XCConfigurationList section */
	};
	rootObject = 22A8DA761FAEF54B00EDDB9A /* Project object */;
}
